
Microsoft Visual Studio Solution File, Format Version 12.00
# Visual Studio Version 17
VisualStudioVersion = 17.0.31903.59
MinimumVisualStudioVersion = 10.0.40219.1
Project("{2150E333-8FDC-42A3-9474-1A3956D46DE8}") = "src", "src", "{827E0CD3-B72D-47B6-A68D-7590B98EB39B}"
EndProject
Project("{FAE04EC0-301F-11D3-BF4B-00C04F79EFBC}") = "AmorRP.Core", "src\AmorRP.Core\AmorRP.Core.csproj", "{51B87C07-8275-4F3A-843D-F5BA87246C01}"
EndProject
Project("{FAE04EC0-301F-11D3-BF4B-00C04F79EFBC}") = "AmorRP.Contracts", "src\AmorRP.Contracts\AmorRP.Contracts.csproj", "{31A85F18-F266-4728-BA98-28DBF1AB7054}"
EndProject
Project("{FAE04EC0-301F-11D3-BF4B-00C04F79EFBC}") = "AmorRP.Server", "src\AmorRP.Server\AmorRP.Server.csproj", "{6C3E8C6A-1EA4-4DD7-A6E9-9A208D6A3DC5}"
EndProject
Project("{FAE04EC0-301F-11D3-BF4B-00C04F79EFBC}") = "AmorRP.Plugin", "src\AmorRP.Plugin\AmorRP.Plugin.csproj", "{132DB5FB-FC2F-45B3-BAB0-92BA759F6C64}"
EndProject
Project("{2150E333-8FDC-42A3-9474-1A3956D46DE8}") = "tests", "tests", "{0AB3BF05-4346-4AA6-1389-037BE0695223}"
EndProject
Project("{FAE04EC0-301F-11D3-BF4B-00C04F79EFBC}") = "AmorRP.Contracts.Tests", "tests\AmorRP.Contracts.Tests\AmorRP.Contracts.Tests.csproj", "{66A49D51-56FE-4E62-9149-5927DBCFCB11}"
EndProject
Project("{FAE04EC0-301F-11D3-BF4B-00C04F79EFBC}") = "AmorRP.Plugin.Tests", "tests\AmorRP.Plugin.Tests\AmorRP.Plugin.Tests.csproj", "{19AFDA65-2872-4073-A94B-C59134771031}"
EndProject
Project("{FAE04EC0-301F-11D3-BF4B-00C04F79EFBC}") = "AmorRP.Server.IntegrationTests", "tests\AmorRP.Server.IntegrationTests\AmorRP.Server.IntegrationTests.csproj", "{C7B14727-54B4-4996-AA03-DA5867C72CCE}"
EndProject
Global
	GlobalSection(SolutionConfigurationPlatforms) = preSolution
		Debug|Any CPU = Debug|Any CPU
		Debug|x64 = Debug|x64
		Debug|x86 = Debug|x86
		Release|Any CPU = Release|Any CPU
		Release|x64 = Release|x64
		Release|x86 = Release|x86
	EndGlobalSection
	GlobalSection(ProjectConfigurationPlatforms) = postSolution
		{51B87C07-8275-4F3A-843D-F5BA87246C01}.Debug|Any CPU.ActiveCfg = Debug|Any CPU
		{51B87C07-8275-4F3A-843D-F5BA87246C01}.Debug|Any CPU.Build.0 = Debug|Any CPU
		{51B87C07-8275-4F3A-843D-F5BA87246C01}.Debug|x64.ActiveCfg = Debug|Any CPU
		{51B87C07-8275-4F3A-843D-F5BA87246C01}.Debug|x64.Build.0 = Debug|Any CPU
		{51B87C07-8275-4F3A-843D-F5BA87246C01}.Debug|x86.ActiveCfg = Debug|Any CPU
		{51B87C07-8275-4F3A-843D-F5BA87246C01}.Debug|x86.Build.0 = Debug|Any CPU
		{51B87C07-8275-4F3A-843D-F5BA87246C01}.Release|Any CPU.ActiveCfg = Release|Any CPU
		{51B87C07-8275-4F3A-843D-F5BA87246C01}.Release|Any CPU.Build.0 = Release|Any CPU
		{51B87C07-8275-4F3A-843D-F5BA87246C01}.Release|x64.ActiveCfg = Release|Any CPU
		{51B87C07-8275-4F3A-843D-F5BA87246C01}.Release|x64.Build.0 = Release|Any CPU
		{51B87C07-8275-4F3A-843D-F5BA87246C01}.Release|x86.ActiveCfg = Release|Any CPU
		{51B87C07-8275-4F3A-843D-F5BA87246C01}.Release|x86.Build.0 = Release|Any CPU
		{31A85F18-F266-4728-BA98-28DBF1AB7054}.Debug|Any CPU.ActiveCfg = Debug|Any CPU
		{31A85F18-F266-4728-BA98-28DBF1AB7054}.Debug|Any CPU.Build.0 = Debug|Any CPU
		{31A85F18-F266-4728-BA98-28DBF1AB7054}.Debug|x64.ActiveCfg = Debug|Any CPU
		{31A85F18-F266-4728-BA98-28DBF1AB7054}.Debug|x64.Build.0 = Debug|Any CPU
		{31A85F18-F266-4728-BA98-28DBF1AB7054}.Debug|x86.ActiveCfg = Debug|Any CPU
		{31A85F18-F266-4728-BA98-28DBF1AB7054}.Debug|x86.Build.0 = Debug|Any CPU
		{31A85F18-F266-4728-BA98-28DBF1AB7054}.Release|Any CPU.ActiveCfg = Release|Any CPU
		{31A85F18-F266-4728-BA98-28DBF1AB7054}.Release|Any CPU.Build.0 = Release|Any CPU
		{31A85F18-F266-4728-BA98-28DBF1AB7054}.Release|x64.ActiveCfg = Release|Any CPU
		{31A85F18-F266-4728-BA98-28DBF1AB7054}.Release|x64.Build.0 = Release|Any CPU
		{31A85F18-F266-4728-BA98-28DBF1AB7054}.Release|x86.ActiveCfg = Release|Any CPU
		{31A85F18-F266-4728-BA98-28DBF1AB7054}.Release|x86.Build.0 = Release|Any CPU
		{6C3E8C6A-1EA4-4DD7-A6E9-9A208D6A3DC5}.Debug|Any CPU.ActiveCfg = Debug|Any CPU
		{6C3E8C6A-1EA4-4DD7-A6E9-9A208D6A3DC5}.Debug|Any CPU.Build.0 = Debug|Any CPU
		{6C3E8C6A-1EA4-4DD7-A6E9-9A208D6A3DC5}.Debug|x64.ActiveCfg = Debug|Any CPU
		{6C3E8C6A-1EA4-4DD7-A6E9-9A208D6A3DC5}.Debug|x64.Build.0 = Debug|Any CPU
		{6C3E8C6A-1EA4-4DD7-A6E9-9A208D6A3DC5}.Debug|x86.ActiveCfg = Debug|Any CPU
		{6C3E8C6A-1EA4-4DD7-A6E9-9A208D6A3DC5}.Debug|x86.Build.0 = Debug|Any CPU
		{6C3E8C6A-1EA4-4DD7-A6E9-9A208D6A3DC5}.Release|Any CPU.ActiveCfg = Release|Any CPU
		{6C3E8C6A-1EA4-4DD7-A6E9-9A208D6A3DC5}.Release|Any CPU.Build.0 = Release|Any CPU
		{6C3E8C6A-1EA4-4DD7-A6E9-9A208D6A3DC5}.Release|x64.ActiveCfg = Release|Any CPU
		{6C3E8C6A-1EA4-4DD7-A6E9-9A208D6A3DC5}.Release|x64.Build.0 = Release|Any CPU
		{6C3E8C6A-1EA4-4DD7-A6E9-9A208D6A3DC5}.Release|x86.ActiveCfg = Release|Any CPU
		{6C3E8C6A-1EA4-4DD7-A6E9-9A208D6A3DC5}.Release|x86.Build.0 = Release|Any CPU
		{132DB5FB-FC2F-45B3-BAB0-92BA759F6C64}.Debug|Any CPU.ActiveCfg = Debug|x64
		{132DB5FB-FC2F-45B3-BAB0-92BA759F6C64}.Debug|Any CPU.Build.0 = Debug|x64
		{132DB5FB-FC2F-45B3-BAB0-92BA759F6C64}.Debug|x64.ActiveCfg = Debug|x64
		{132DB5FB-FC2F-45B3-BAB0-92BA759F6C64}.Debug|x64.Build.0 = Debug|x64
		{132DB5FB-FC2F-45B3-BAB0-92BA759F6C64}.Debug|x86.ActiveCfg = Debug|x64
		{132DB5FB-FC2F-45B3-BAB0-92BA759F6C64}.Debug|x86.Build.0 = Debug|x64
		{132DB5FB-FC2F-45B3-BAB0-92BA759F6C64}.Release|Any CPU.ActiveCfg = Release|x64
		{132DB5FB-FC2F-45B3-BAB0-92BA759F6C64}.Release|Any CPU.Build.0 = Release|x64
		{132DB5FB-FC2F-45B3-BAB0-92BA759F6C64}.Release|x64.ActiveCfg = Release|x64
		{132DB5FB-FC2F-45B3-BAB0-92BA759F6C64}.Release|x64.Build.0 = Release|x64
		{132DB5FB-FC2F-45B3-BAB0-92BA759F6C64}.Release|x86.ActiveCfg = Release|x64
		{132DB5FB-FC2F-45B3-BAB0-92BA759F6C64}.Release|x86.Build.0 = Release|x64
		{66A49D51-56FE-4E62-9149-5927DBCFCB11}.Debug|Any CPU.ActiveCfg = Debug|Any CPU
		{66A49D51-56FE-4E62-9149-5927DBCFCB11}.Debug|Any CPU.Build.0 = Debug|Any CPU
		{66A49D51-56FE-4E62-9149-5927DBCFCB11}.Debug|x64.ActiveCfg = Debug|Any CPU
		{66A49D51-56FE-4E62-9149-5927DBCFCB11}.Debug|x64.Build.0 = Debug|Any CPU
		{66A49D51-56FE-4E62-9149-5927DBCFCB11}.Debug|x86.ActiveCfg = Debug|Any CPU
		{66A49D51-56FE-4E62-9149-5927DBCFCB11}.Debug|x86.Build.0 = Debug|Any CPU
		{66A49D51-56FE-4E62-9149-5927DBCFCB11}.Release|Any CPU.ActiveCfg = Release|Any CPU
		{66A49D51-56FE-4E62-9149-5927DBCFCB11}.Release|Any CPU.Build.0 = Release|Any CPU
		{66A49D51-56FE-4E62-9149-5927DBCFCB11}.Release|x64.ActiveCfg = Release|Any CPU
		{66A49D51-56FE-4E62-9149-5927DBCFCB11}.Release|x64.Build.0 = Release|Any CPU
		{66A49D51-56FE-4E62-9149-5927DBCFCB11}.Release|x86.ActiveCfg = Release|Any CPU
		{66A49D51-56FE-4E62-9149-5927DBCFCB11}.Release|x86.Build.0 = Release|Any CPU
		{19AFDA65-2872-4073-A94B-C59134771031}.Debug|Any CPU.ActiveCfg = Debug|Any CPU
		{19AFDA65-2872-4073-A94B-C59134771031}.Debug|Any CPU.Build.0 = Debug|Any CPU
		{19AFDA65-2872-4073-A94B-C59134771031}.Debug|x64.ActiveCfg = Debug|Any CPU
		{19AFDA65-2872-4073-A94B-C59134771031}.Debug|x64.Build.0 = Debug|Any CPU
		{19AFDA65-2872-4073-A94B-C59134771031}.Debug|x86.ActiveCfg = Debug|Any CPU
		{19AFDA65-2872-4073-A94B-C59134771031}.Debug|x86.Build.0 = Debug|Any CPU
		{19AFDA65-2872-4073-A94B-C59134771031}.Release|Any CPU.ActiveCfg = Release|Any CPU
		{19AFDA65-2872-4073-A94B-C59134771031}.Release|Any CPU.Build.0 = Release|Any CPU
		{19AFDA65-2872-4073-A94B-C59134771031}.Release|x64.ActiveCfg = Release|Any CPU
		{19AFDA65-2872-4073-A94B-C59134771031}.Release|x64.Build.0 = Release|Any CPU
		{19AFDA65-2872-4073-A94B-C59134771031}.Release|x86.ActiveCfg = Release|Any CPU
		{19AFDA65-2872-4073-A94B-C59134771031}.Release|x86.Build.0 = Release|Any CPU
		{C7B14727-54B4-4996-AA03-DA5867C72CCE}.Debug|Any CPU.ActiveCfg = Debug|Any CPU
		{C7B14727-54B4-4996-AA03-DA5867C72CCE}.Debug|Any CPU.Build.0 = Debug|Any CPU
		{C7B14727-54B4-4996-AA03-DA5867C72CCE}.Debug|x64.ActiveCfg = Debug|Any CPU
		{C7B14727-54B4-4996-AA03-DA5867C72CCE}.Debug|x64.Build.0 = Debug|Any CPU
		{C7B14727-54B4-4996-AA03-DA5867C72CCE}.Debug|x86.ActiveCfg = Debug|Any CPU
		{C7B14727-54B4-4996-AA03-DA5867C72CCE}.Debug|x86.Build.0 = Debug|Any CPU
		{C7B14727-54B4-4996-AA03-DA5867C72CCE}.Release|Any CPU.ActiveCfg = Release|Any CPU
		{C7B14727-54B4-4996-AA03-DA5867C72CCE}.Release|Any CPU.Build.0 = Release|Any CPU
		{C7B14727-54B4-4996-AA03-DA5867C72CCE}.Release|x64.ActiveCfg = Release|Any CPU
		{C7B14727-54B4-4996-AA03-DA5867C72CCE}.Release|x64.Build.0 = Release|Any CPU
		{C7B14727-54B4-4996-AA03-DA5867C72CCE}.Release|x86.ActiveCfg = Release|Any CPU
		{C7B14727-54B4-4996-AA03-DA5867C72CCE}.Release|x86.Build.0 = Release|Any CPU
	EndGlobalSection
	GlobalSection(SolutionProperties) = preSolution
		HideSolutionNode = FALSE
	EndGlobalSection
	GlobalSection(NestedProjects) = preSolution
		{51B87C07-8275-4F3A-843D-F5BA87246C01} = {827E0CD3-B72D-47B6-A68D-7590B98EB39B}
		{31A85F18-F266-4728-BA98-28DBF1AB7054} = {827E0CD3-B72D-47B6-A68D-7590B98EB39B}
		{6C3E8C6A-1EA4-4DD7-A6E9-9A208D6A3DC5} = {827E0CD3-B72D-47B6-A68D-7590B98EB39B}
		{132DB5FB-FC2F-45B3-BAB0-92BA759F6C64} = {827E0CD3-B72D-47B6-A68D-7590B98EB39B}
		{66A49D51-56FE-4E62-9149-5927DBCFCB11} = {0AB3BF05-4346-4AA6-1389-037BE0695223}
		{19AFDA65-2872-4073-A94B-C59134771031} = {0AB3BF05-4346-4AA6-1389-037BE0695223}
		{C7B14727-54B4-4996-AA03-DA5867C72CCE} = {0AB3BF05-4346-4AA6-1389-037BE0695223}
	EndGlobalSection
EndGlobal
